// !$*UTF8*$!
{
	archiveVersion = 1;
	classes = {
	};
	objectVersion = 77;
	objects = {

/* Begin PBXBuildFile section */
		F704E0952CB039D000DC9101 /* iddatawebClip.app in Embed App Clips */ = {isa = PBXBuildFile; fileRef = F704E0702CB039CE00DC9101 /* iddatawebClip.app */; settings = {ATTRIBUTES = (RemoveHeadersOnCopy, ); }; };
/* End PBXBuildFile section */

/* Begin PBXContainerItemProxy section */
		F704E0502CB036D300DC9101 /* PBXContainerItemProxy */ = {
			isa = PBXContainerItemProxy;
			containerPortal = F704E0372CB036D000DC9101 /* Project object */;
			proxyType = 1;
			remoteGlobalIDString = F704E03E2CB036D000DC9101;
			remoteInfo = appClipDemo;
		};
		F704E05A2CB036D300DC9101 /* PBXContainerItemProxy */ = {
			isa = PBXContainerItemProxy;
			containerPortal = F704E0372CB036D000DC9101 /* Project object */;
			proxyType = 1;
			remoteGlobalIDString = F704E03E2CB036D000DC9101;
			remoteInfo = appClipDemo;
		};
		F704E0822CB039D000DC9101 /* PBXContainerItemProxy */ = {
			isa = PBXContainerItemProxy;
			containerPortal = F704E0372CB036D000DC9101 /* Project object */;
			proxyType = 1;
			remoteGlobalIDString = F704E06F2CB039CE00DC9101;
			remoteInfo = iddatawebClip;
		};
		F704E08C2CB039D000DC9101 /* PBXContainerItemProxy */ = {
			isa = PBXContainerItemProxy;
			containerPortal = F704E0372CB036D000DC9101 /* Project object */;
			proxyType = 1;
			remoteGlobalIDString = F704E06F2CB039CE00DC9101;
			remoteInfo = iddatawebClip;
		};
		F704E0932CB039D000DC9101 /* PBXContainerItemProxy */ = {
			isa = PBXContainerItemProxy;
			containerPortal = F704E0372CB036D000DC9101 /* Project object */;
			proxyType = 1;
			remoteGlobalIDString = F704E06F2CB039CE00DC9101;
			remoteInfo = iddatawebClip;
		};
/* End PBXContainerItemProxy section */

/* Begin PBXCopyFilesBuildPhase section */
		F704E09A2CB039D000DC9101 /* Embed App Clips */ = {
			isa = PBXCopyFilesBuildPhase;
			buildActionMask = 2147483647;
			dstPath = "$(CONTENTS_FOLDER_PATH)/AppClips";
			dstSubfolderSpec = 16;
			files = (
				F704E0952CB039D000DC9101 /* iddatawebClip.app in Embed App Clips */,
			);
			name = "Embed App Clips";
			runOnlyForDeploymentPostprocessing = 0;
		};
/* End PBXCopyFilesBuildPhase section */

/* Begin PBXFileReference section */
		F704E03F2CB036D000DC9101 /* appClipDemo.app */ = {isa = PBXFileReference; explicitFileType = wrapper.application; includeInIndex = 0; path = appClipDemo.app; sourceTree = BUILT_PRODUCTS_DIR; };
		F704E04F2CB036D300DC9101 /* appClipDemoTests.xctest */ = {isa = PBXFileReference; explicitFileType = wrapper.cfbundle; includeInIndex = 0; path = appClipDemoTests.xctest; sourceTree = BUILT_PRODUCTS_DIR; };
		F704E0592CB036D300DC9101 /* appClipDemoUITests.xctest */ = {isa = PBXFileReference; explicitFileType = wrapper.cfbundle; includeInIndex = 0; path = appClipDemoUITests.xctest; sourceTree = BUILT_PRODUCTS_DIR; };
		F704E0702CB039CE00DC9101 /* iddatawebClip.app */ = {isa = PBXFileReference; explicitFileType = wrapper.application; includeInIndex = 0; path = iddatawebClip.app; sourceTree = BUILT_PRODUCTS_DIR; };
		F704E0812CB039D000DC9101 /* iddatawebClipTests.xctest */ = {isa = PBXFileReference; explicitFileType = wrapper.cfbundle; includeInIndex = 0; path = iddatawebClipTests.xctest; sourceTree = BUILT_PRODUCTS_DIR; };
		F704E08B2CB039D000DC9101 /* iddatawebClipUITests.xctest */ = {isa = PBXFileReference; explicitFileType = wrapper.cfbundle; includeInIndex = 0; path = iddatawebClipUITests.xctest; sourceTree = BUILT_PRODUCTS_DIR; };
/* End PBXFileReference section */

/* Begin PBXFileSystemSynchronizedBuildFileExceptionSet section */
		F704E0962CB039D000DC9101 /* Exceptions for "iddatawebClip" folder in "iddatawebClip" target */ = {
			isa = PBXFileSystemSynchronizedBuildFileExceptionSet;
			membershipExceptions = (
				Info.plist,
			);
			target = F704E06F2CB039CE00DC9101 /* iddatawebClip */;
		};
/* End PBXFileSystemSynchronizedBuildFileExceptionSet section */

/* Begin PBXFileSystemSynchronizedRootGroup section */
		F704E0412CB036D000DC9101 /* appClipDemo */ = {
			isa = PBXFileSystemSynchronizedRootGroup;
			path = appClipDemo;
			sourceTree = "<group>";
		};
		F704E0522CB036D300DC9101 /* appClipDemoTests */ = {
			isa = PBXFileSystemSynchronizedRootGroup;
			path = appClipDemoTests;
			sourceTree = "<group>";
		};
		F704E05C2CB036D300DC9101 /* appClipDemoUITests */ = {
			isa = PBXFileSystemSynchronizedRootGroup;
			path = appClipDemoUITests;
			sourceTree = "<group>";
		};
		F704E0712CB039CE00DC9101 /* iddatawebClip */ = {
			isa = PBXFileSystemSynchronizedRootGroup;
			exceptions = (
				F704E0962CB039D000DC9101 /* Exceptions for "iddatawebClip" folder in "iddatawebClip" target */,
			);
			path = iddatawebClip;
			sourceTree = "<group>";
		};
		F704E0842CB039D000DC9101 /* iddatawebClipTests */ = {
			isa = PBXFileSystemSynchronizedRootGroup;
			path = iddatawebClipTests;
			sourceTree = "<group>";
		};
		F704E08E2CB039D000DC9101 /* iddatawebClipUITests */ = {
			isa = PBXFileSystemSynchronizedRootGroup;
			path = iddatawebClipUITests;
			sourceTree = "<group>";
		};
/* End PBXFileSystemSynchronizedRootGroup section */

/* Begin PBXFrameworksBuildPhase section */
		F704E03C2CB036D000DC9101 /* Frameworks */ = {
			isa = PBXFrameworksBuildPhase;
			buildActionMask = 2147483647;
			files = (
			);
			runOnlyForDeploymentPostprocessing = 0;
		};
		F704E04C2CB036D300DC9101 /* Frameworks */ = {
			isa = PBXFrameworksBuildPhase;
			buildActionMask = 2147483647;
			files = (
			);
			runOnlyForDeploymentPostprocessing = 0;
		};
		F704E0562CB036D300DC9101 /* Frameworks */ = {
			isa = PBXFrameworksBuildPhase;
			buildActionMask = 2147483647;
			files = (
			);
			runOnlyForDeploymentPostprocessing = 0;
		};
		F704E06D2CB039CE00DC9101 /* Frameworks */ = {
			isa = PBXFrameworksBuildPhase;
			buildActionMask = 2147483647;
			files = (
			);
			runOnlyForDeploymentPostprocessing = 0;
		};
		F704E07E2CB039D000DC9101 /* Frameworks */ = {
			isa = PBXFrameworksBuildPhase;
			buildActionMask = 2147483647;
			files = (
			);
			runOnlyForDeploymentPostprocessing = 0;
		};
		F704E0882CB039D000DC9101 /* Frameworks */ = {
			isa = PBXFrameworksBuildPhase;
			buildActionMask = 2147483647;
			files = (
			);
			runOnlyForDeploymentPostprocessing = 0;
		};
/* End PBXFrameworksBuildPhase section */

/* Begin PBXGroup section */
		F704E0362CB036D000DC9101 = {
			isa = PBXGroup;
			children = (
				F704E0412CB036D000DC9101 /* appClipDemo */,
				F704E0522CB036D300DC9101 /* appClipDemoTests */,
				F704E05C2CB036D300DC9101 /* appClipDemoUITests */,
				F704E0712CB039CE00DC9101 /* iddatawebClip */,
				F704E0842CB039D000DC9101 /* iddatawebClipTests */,
				F704E08E2CB039D000DC9101 /* iddatawebClipUITests */,
				F704E0402CB036D000DC9101 /* Products */,
			);
			sourceTree = "<group>";
		};
		F704E0402CB036D000DC9101 /* Products */ = {
			isa = PBXGroup;
			children = (
				F704E03F2CB036D000DC9101 /* appClipDemo.app */,
				F704E04F2CB036D300DC9101 /* appClipDemoTests.xctest */,
				F704E0592CB036D300DC9101 /* appClipDemoUITests.xctest */,
				F704E0702CB039CE00DC9101 /* iddatawebClip.app */,
				F704E0812CB039D000DC9101 /* iddatawebClipTests.xctest */,
				F704E08B2CB039D000DC9101 /* iddatawebClipUITests.xctest */,
			);
			name = Products;
			sourceTree = "<group>";
		};
/* End PBXGroup section */

/* Begin PBXNativeTarget section */
		F704E03E2CB036D000DC9101 /* appClipDemo */ = {
			isa = PBXNativeTarget;
			buildConfigurationList = F704E0632CB036D300DC9101 /* Build configuration list for PBXNativeTarget "appClipDemo" */;
			buildPhases = (
				F704E03B2CB036D000DC9101 /* Sources */,
				F704E03C2CB036D000DC9101 /* Frameworks */,
				F704E03D2CB036D000DC9101 /* Resources */,
				F704E09A2CB039D000DC9101 /* Embed App Clips */,
			);
			buildRules = (
			);
			dependencies = (
				F704E0942CB039D000DC9101 /* PBXTargetDependency */,
			);
			fileSystemSynchronizedGroups = (
				F704E0412CB036D000DC9101 /* appClipDemo */,
			);
			name = appClipDemo;
			packageProductDependencies = (
			);
			productName = appClipDemo;
			productReference = F704E03F2CB036D000DC9101 /* appClipDemo.app */;
			productType = "com.apple.product-type.application";
		};
		F704E04E2CB036D300DC9101 /* appClipDemoTests */ = {
			isa = PBXNativeTarget;
			buildConfigurationList = F704E0662CB036D300DC9101 /* Build configuration list for PBXNativeTarget "appClipDemoTests" */;
			buildPhases = (
				F704E04B2CB036D300DC9101 /* Sources */,
				F704E04C2CB036D300DC9101 /* Frameworks */,
				F704E04D2CB036D300DC9101 /* Resources */,
			);
			buildRules = (
			);
			dependencies = (
				F704E0512CB036D300DC9101 /* PBXTargetDependency */,
			);
			fileSystemSynchronizedGroups = (
				F704E0522CB036D300DC9101 /* appClipDemoTests */,
			);
			name = appClipDemoTests;
			packageProductDependencies = (
			);
			productName = appClipDemoTests;
			productReference = F704E04F2CB036D300DC9101 /* appClipDemoTests.xctest */;
			productType = "com.apple.product-type.bundle.unit-test";
		};
		F704E0582CB036D300DC9101 /* appClipDemoUITests */ = {
			isa = PBXNativeTarget;
			buildConfigurationList = F704E0692CB036D300DC9101 /* Build configuration list for PBXNativeTarget "appClipDemoUITests" */;
			buildPhases = (
				F704E0552CB036D300DC9101 /* Sources */,
				F704E0562CB036D300DC9101 /* Frameworks */,
				F704E0572CB036D300DC9101 /* Resources */,
			);
			buildRules = (
			);
			dependencies = (
				F704E05B2CB036D300DC9101 /* PBXTargetDependency */,
			);
			fileSystemSynchronizedGroups = (
				F704E05C2CB036D300DC9101 /* appClipDemoUITests */,
			);
			name = appClipDemoUITests;
			packageProductDependencies = (
			);
			productName = appClipDemoUITests;
			productReference = F704E0592CB036D300DC9101 /* appClipDemoUITests.xctest */;
			productType = "com.apple.product-type.bundle.ui-testing";
		};
		F704E06F2CB039CE00DC9101 /* iddatawebClip */ = {
			isa = PBXNativeTarget;
			buildConfigurationList = F704E0972CB039D000DC9101 /* Build configuration list for PBXNativeTarget "iddatawebClip" */;
			buildPhases = (
				F704E06C2CB039CE00DC9101 /* Sources */,
				F704E06D2CB039CE00DC9101 /* Frameworks */,
				F704E06E2CB039CE00DC9101 /* Resources */,
			);
			buildRules = (
			);
			dependencies = (
			);
			fileSystemSynchronizedGroups = (
				F704E0712CB039CE00DC9101 /* iddatawebClip */,
			);
			name = iddatawebClip;
			packageProductDependencies = (
			);
			productName = iddatawebClip;
			productReference = F704E0702CB039CE00DC9101 /* iddatawebClip.app */;
			productType = "com.apple.product-type.application.on-demand-install-capable";
		};
		F704E0802CB039D000DC9101 /* iddatawebClipTests */ = {
			isa = PBXNativeTarget;
			buildConfigurationList = F704E09B2CB039D000DC9101 /* Build configuration list for PBXNativeTarget "iddatawebClipTests" */;
			buildPhases = (
				F704E07D2CB039D000DC9101 /* Sources */,
				F704E07E2CB039D000DC9101 /* Frameworks */,
				F704E07F2CB039D000DC9101 /* Resources */,
			);
			buildRules = (
			);
			dependencies = (
				F704E0832CB039D000DC9101 /* PBXTargetDependency */,
			);
			fileSystemSynchronizedGroups = (
				F704E0842CB039D000DC9101 /* iddatawebClipTests */,
			);
			name = iddatawebClipTests;
			packageProductDependencies = (
			);
			productName = iddatawebClipTests;
			productReference = F704E0812CB039D000DC9101 /* iddatawebClipTests.xctest */;
			productType = "com.apple.product-type.bundle.unit-test";
		};
		F704E08A2CB039D000DC9101 /* iddatawebClipUITests */ = {
			isa = PBXNativeTarget;
			buildConfigurationList = F704E09E2CB039D000DC9101 /* Build configuration list for PBXNativeTarget "iddatawebClipUITests" */;
			buildPhases = (
				F704E0872CB039D000DC9101 /* Sources */,
				F704E0882CB039D000DC9101 /* Frameworks */,
				F704E0892CB039D000DC9101 /* Resources */,
			);
			buildRules = (
			);
			dependencies = (
				F704E08D2CB039D000DC9101 /* PBXTargetDependency */,
			);
			fileSystemSynchronizedGroups = (
				F704E08E2CB039D000DC9101 /* iddatawebClipUITests */,
			);
			name = iddatawebClipUITests;
			packageProductDependencies = (
			);
			productName = iddatawebClipUITests;
			productReference = F704E08B2CB039D000DC9101 /* iddatawebClipUITests.xctest */;
			productType = "com.apple.product-type.bundle.ui-testing";
		};
/* End PBXNativeTarget section */

/* Begin PBXProject section */
		F704E0372CB036D000DC9101 /* Project object */ = {
			isa = PBXProject;
			attributes = {
				BuildIndependentTargetsInParallel = 1;
				LastSwiftUpdateCheck = 1600;
				LastUpgradeCheck = 1600;
				TargetAttributes = {
					F704E03E2CB036D000DC9101 = {
						CreatedOnToolsVersion = 16.0;
					};
					F704E04E2CB036D300DC9101 = {
						CreatedOnToolsVersion = 16.0;
						TestTargetID = F704E03E2CB036D000DC9101;
					};
					F704E0582CB036D300DC9101 = {
						CreatedOnToolsVersion = 16.0;
						TestTargetID = F704E03E2CB036D000DC9101;
					};
					F704E06F2CB039CE00DC9101 = {
						CreatedOnToolsVersion = 16.0;
					};
					F704E0802CB039D000DC9101 = {
						CreatedOnToolsVersion = 16.0;
						TestTargetID = F704E06F2CB039CE00DC9101;
					};
					F704E08A2CB039D000DC9101 = {
						CreatedOnToolsVersion = 16.0;
						TestTargetID = F704E06F2CB039CE00DC9101;
					};
				};
			};
			buildConfigurationList = F704E03A2CB036D000DC9101 /* Build configuration list for PBXProject "appClipDemo" */;
			developmentRegion = en;
			hasScannedForEncodings = 0;
			knownRegions = (
				en,
				Base,
			);
			mainGroup = F704E0362CB036D000DC9101;
			minimizedProjectReferenceProxies = 1;
			preferredProjectObjectVersion = 77;
			productRefGroup = F704E0402CB036D000DC9101 /* Products */;
			projectDirPath = "";
			projectRoot = "";
			targets = (
				F704E03E2CB036D000DC9101 /* appClipDemo */,
				F704E04E2CB036D300DC9101 /* appClipDemoTests */,
				F704E0582CB036D300DC9101 /* appClipDemoUITests */,
				F704E06F2CB039CE00DC9101 /* iddatawebClip */,
				F704E0802CB039D000DC9101 /* iddatawebClipTests */,
				F704E08A2CB039D000DC9101 /* iddatawebClipUITests */,
			);
		};
/* End PBXProject section */

/* Begin PBXResourcesBuildPhase section */
		F704E03D2CB036D000DC9101 /* Resources */ = {
			isa = PBXResourcesBuildPhase;
			buildActionMask = 2147483647;
			files = (
			);
			runOnlyForDeploymentPostprocessing = 0;
		};
		F704E04D2CB036D300DC9101 /* Resources */ = {
			isa = PBXResourcesBuildPhase;
			buildActionMask = 2147483647;
			files = (
			);
			runOnlyForDeploymentPostprocessing = 0;
		};
		F704E0572CB036D300DC9101 /* Resources */ = {
			isa = PBXResourcesBuildPhase;
			buildActionMask = 2147483647;
			files = (
			);
			runOnlyForDeploymentPostprocessing = 0;
		};
		F704E06E2CB039CE00DC9101 /* Resources */ = {
			isa = PBXResourcesBuildPhase;
			buildActionMask = 2147483647;
			files = (
			);
			runOnlyForDeploymentPostprocessing = 0;
		};
		F704E07F2CB039D000DC9101 /* Resources */ = {
			isa = PBXResourcesBuildPhase;
			buildActionMask = 2147483647;
			files = (
			);
			runOnlyForDeploymentPostprocessing = 0;
		};
		F704E0892CB039D000DC9101 /* Resources */ = {
			isa = PBXResourcesBuildPhase;
			buildActionMask = 2147483647;
			files = (
			);
			runOnlyForDeploymentPostprocessing = 0;
		};
/* End PBXResourcesBuildPhase section */

/* Begin PBXSourcesBuildPhase section */
		F704E03B2CB036D000DC9101 /* Sources */ = {
			isa = PBXSourcesBuildPhase;
			buildActionMask = 2147483647;
			files = (
			);
			runOnlyForDeploymentPostprocessing = 0;
		};
		F704E04B2CB036D300DC9101 /* Sources */ = {
			isa = PBXSourcesBuildPhase;
			buildActionMask = 2147483647;
			files = (
			);
			runOnlyForDeploymentPostprocessing = 0;
		};
		F704E0552CB036D300DC9101 /* Sources */ = {
			isa = PBXSourcesBuildPhase;
			buildActionMask = 2147483647;
			files = (
			);
			runOnlyForDeploymentPostprocessing = 0;
		};
		F704E06C2CB039CE00DC9101 /* Sources */ = {
			isa = PBXSourcesBuildPhase;
			buildActionMask = 2147483647;
			files = (
			);
			runOnlyForDeploymentPostprocessing = 0;
		};
		F704E07D2CB039D000DC9101 /* Sources */ = {
			isa = PBXSourcesBuildPhase;
			buildActionMask = 2147483647;
			files = (
			);
			runOnlyForDeploymentPostprocessing = 0;
		};
		F704E0872CB039D000DC9101 /* Sources */ = {
			isa = PBXSourcesBuildPhase;
			buildActionMask = 2147483647;
			files = (
			);
			runOnlyForDeploymentPostprocessing = 0;
		};
/* End PBXSourcesBuildPhase section */

/* Begin PBXTargetDependency section */
		F704E0512CB036D300DC9101 /* PBXTargetDependency */ = {
			isa = PBXTargetDependency;
			target = F704E03E2CB036D000DC9101 /* appClipDemo */;
			targetProxy = F704E0502CB036D300DC9101 /* PBXContainerItemProxy */;
		};
		F704E05B2CB036D300DC9101 /* PBXTargetDependency */ = {
			isa = PBXTargetDependency;
			target = F704E03E2CB036D000DC9101 /* appClipDemo */;
			targetProxy = F704E05A2CB036D300DC9101 /* PBXContainerItemProxy */;
		};
		F704E0832CB039D000DC9101 /* PBXTargetDependency */ = {
			isa = PBXTargetDependency;
			target = F704E06F2CB039CE00DC9101 /* iddatawebClip */;
			targetProxy = F704E0822CB039D000DC9101 /* PBXContainerItemProxy */;
		};
		F704E08D2CB039D000DC9101 /* PBXTargetDependency */ = {
			isa = PBXTargetDependency;
			target = F704E06F2CB039CE00DC9101 /* iddatawebClip */;
			targetProxy = F704E08C2CB039D000DC9101 /* PBXContainerItemProxy */;
		};
		F704E0942CB039D000DC9101 /* PBXTargetDependency */ = {
			isa = PBXTargetDependency;
			target = F704E06F2CB039CE00DC9101 /* iddatawebClip */;
			targetProxy = F704E0932CB039D000DC9101 /* PBXContainerItemProxy */;
		};
/* End PBXTargetDependency section */

/* Begin XCBuildConfiguration section */
		F704E0612CB036D300DC9101 /* Debug */ = {
			isa = XCBuildConfiguration;
			buildSettings = {
				ALWAYS_SEARCH_USER_PATHS = NO;
				ASSETCATALOG_COMPILER_GENERATE_SWIFT_ASSET_SYMBOL_EXTENSIONS = YES;
				CLANG_ANALYZER_NONNULL = YES;
				CLANG_ANALYZER_NUMBER_OBJECT_CONVERSION = YES_AGGRESSIVE;
				CLANG_CXX_LANGUAGE_STANDARD = "gnu++20";
				CLANG_ENABLE_MODULES = YES;
				CLANG_ENABLE_OBJC_ARC = YES;
				CLANG_ENABLE_OBJC_WEAK = YES;
				CLANG_WARN_BLOCK_CAPTURE_AUTORELEASING = YES;
				CLANG_WARN_BOOL_CONVERSION = YES;
				CLANG_WARN_COMMA = YES;
				CLANG_WARN_CONSTANT_CONVERSION = YES;
				CLANG_WARN_DEPRECATED_OBJC_IMPLEMENTATIONS = YES;
				CLANG_WARN_DIRECT_OBJC_ISA_USAGE = YES_ERROR;
				CLANG_WARN_DOCUMENTATION_COMMENTS = YES;
				CLANG_WARN_EMPTY_BODY = YES;
				CLANG_WARN_ENUM_CONVERSION = YES;
				CLANG_WARN_INFINITE_RECURSION = YES;
				CLANG_WARN_INT_CONVERSION = YES;
				CLANG_WARN_NON_LITERAL_NULL_CONVERSION = YES;
				CLANG_WARN_OBJC_IMPLICIT_RETAIN_SELF = YES;
				CLANG_WARN_OBJC_LITERAL_CONVERSION = YES;
				CLANG_WARN_OBJC_ROOT_CLASS = YES_ERROR;
				CLANG_WARN_QUOTED_INCLUDE_IN_FRAMEWORK_HEADER = YES;
				CLANG_WARN_RANGE_LOOP_ANALYSIS = YES;
				CLANG_WARN_STRICT_PROTOTYPES = YES;
				CLANG_WARN_SUSPICIOUS_MOVE = YES;
				CLANG_WARN_UNGUARDED_AVAILABILITY = YES_AGGRESSIVE;
				CLANG_WARN_UNREACHABLE_CODE = YES;
				CLANG_WARN__DUPLICATE_METHOD_MATCH = YES;
				COPY_PHASE_STRIP = NO;
				DEBUG_INFORMATION_FORMAT = dwarf;
				ENABLE_STRICT_OBJC_MSGSEND = YES;
				ENABLE_TESTABILITY = YES;
				ENABLE_USER_SCRIPT_SANDBOXING = YES;
				GCC_C_LANGUAGE_STANDARD = gnu17;
				GCC_DYNAMIC_NO_PIC = NO;
				GCC_NO_COMMON_BLOCKS = YES;
				GCC_OPTIMIZATION_LEVEL = 0;
				GCC_PREPROCESSOR_DEFINITIONS = (
					"DEBUG=1",
					"$(inherited)",
				);
				GCC_WARN_64_TO_32_BIT_CONVERSION = YES;
				GCC_WARN_ABOUT_RETURN_TYPE = YES_ERROR;
				GCC_WARN_UNDECLARED_SELECTOR = YES;
				GCC_WARN_UNINITIALIZED_AUTOS = YES_AGGRESSIVE;
				GCC_WARN_UNUSED_FUNCTION = YES;
				GCC_WARN_UNUSED_VARIABLE = YES;
				IPHONEOS_DEPLOYMENT_TARGET = 18.0;
				LOCALIZATION_PREFERS_STRING_CATALOGS = YES;
				MTL_ENABLE_DEBUG_INFO = INCLUDE_SOURCE;
				MTL_FAST_MATH = YES;
				ONLY_ACTIVE_ARCH = YES;
				SDKROOT = iphoneos;
				SWIFT_ACTIVE_COMPILATION_CONDITIONS = "DEBUG $(inherited)";
				SWIFT_OPTIMIZATION_LEVEL = "-Onone";
			};
			name = Debug;
		};
		F704E0622CB036D300DC9101 /* Release */ = {
			isa = XCBuildConfiguration;
			buildSettings = {
				ALWAYS_SEARCH_USER_PATHS = NO;
				ASSETCATALOG_COMPILER_GENERATE_SWIFT_ASSET_SYMBOL_EXTENSIONS = YES;
				CLANG_ANALYZER_NONNULL = YES;
				CLANG_ANALYZER_NUMBER_OBJECT_CONVERSION = YES_AGGRESSIVE;
				CLANG_CXX_LANGUAGE_STANDARD = "gnu++20";
				CLANG_ENABLE_MODULES = YES;
				CLANG_ENABLE_OBJC_ARC = YES;
				CLANG_ENABLE_OBJC_WEAK = YES;
				CLANG_WARN_BLOCK_CAPTURE_AUTORELEASING = YES;
				CLANG_WARN_BOOL_CONVERSION = YES;
				CLANG_WARN_COMMA = YES;
				CLANG_WARN_CONSTANT_CONVERSION = YES;
				CLANG_WARN_DEPRECATED_OBJC_IMPLEMENTATIONS = YES;
				CLANG_WARN_DIRECT_OBJC_ISA_USAGE = YES_ERROR;
				CLANG_WARN_DOCUMENTATION_COMMENTS = YES;
				CLANG_WARN_EMPTY_BODY = YES;
				CLANG_WARN_ENUM_CONVERSION = YES;
				CLANG_WARN_INFINITE_RECURSION = YES;
				CLANG_WARN_INT_CONVERSION = YES;
				CLANG_WARN_NON_LITERAL_NULL_CONVERSION = YES;
				CLANG_WARN_OBJC_IMPLICIT_RETAIN_SELF = YES;
				CLANG_WARN_OBJC_LITERAL_CONVERSION = YES;
				CLANG_WARN_OBJC_ROOT_CLASS = YES_ERROR;
				CLANG_WARN_QUOTED_INCLUDE_IN_FRAMEWORK_HEADER = YES;
				CLANG_WARN_RANGE_LOOP_ANALYSIS = YES;
				CLANG_WARN_STRICT_PROTOTYPES = YES;
				CLANG_WARN_SUSPICIOUS_MOVE = YES;
				CLANG_WARN_UNGUARDED_AVAILABILITY = YES_AGGRESSIVE;
				CLANG_WARN_UNREACHABLE_CODE = YES;
				CLANG_WARN__DUPLICATE_METHOD_MATCH = YES;
				COPY_PHASE_STRIP = NO;
				DEBUG_INFORMATION_FORMAT = "dwarf-with-dsym";
				ENABLE_NS_ASSERTIONS = NO;
				ENABLE_STRICT_OBJC_MSGSEND = YES;
				ENABLE_USER_SCRIPT_SANDBOXING = YES;
				GCC_C_LANGUAGE_STANDARD = gnu17;
				GCC_NO_COMMON_BLOCKS = YES;
				GCC_WARN_64_TO_32_BIT_CONVERSION = YES;
				GCC_WARN_ABOUT_RETURN_TYPE = YES_ERROR;
				GCC_WARN_UNDECLARED_SELECTOR = YES;
				GCC_WARN_UNINITIALIZED_AUTOS = YES_AGGRESSIVE;
				GCC_WARN_UNUSED_FUNCTION = YES;
				GCC_WARN_UNUSED_VARIABLE = YES;
				IPHONEOS_DEPLOYMENT_TARGET = 18.0;
				LOCALIZATION_PREFERS_STRING_CATALOGS = YES;
				MTL_ENABLE_DEBUG_INFO = NO;
				MTL_FAST_MATH = YES;
				SDKROOT = iphoneos;
				SWIFT_COMPILATION_MODE = wholemodule;
				VALIDATE_PRODUCT = YES;
			};
			name = Release;
		};
		F704E0642CB036D300DC9101 /* Debug */ = {
			isa = XCBuildConfiguration;
			buildSettings = {
				ASSETCATALOG_COMPILER_APPICON_NAME = AppIcon;
				ASSETCATALOG_COMPILER_GLOBAL_ACCENT_COLOR_NAME = AccentColor;
				CODE_SIGN_STYLE = Automatic;
				CURRENT_PROJECT_VERSION = 1;
				DEVELOPMENT_ASSET_PATHS = "\"appClipDemo/Preview Content\"";
				ENABLE_PREVIEWS = YES;
				GENERATE_INFOPLIST_FILE = YES;
				INFOPLIST_KEY_UIApplicationSceneManifest_Generation = YES;
				INFOPLIST_KEY_UIApplicationSupportsIndirectInputEvents = YES;
				INFOPLIST_KEY_UILaunchScreen_Generation = YES;
				INFOPLIST_KEY_UISupportedInterfaceOrientations_iPad = "UIInterfaceOrientationPortrait UIInterfaceOrientationPortraitUpsideDown UIInterfaceOrientationLandscapeLeft UIInterfaceOrientationLandscapeRight";
				INFOPLIST_KEY_UISupportedInterfaceOrientations_iPhone = "UIInterfaceOrientationPortrait UIInterfaceOrientationLandscapeLeft UIInterfaceOrientationLandscapeRight";
				LD_RUNPATH_SEARCH_PATHS = (
					"$(inherited)",
					"@executable_path/Frameworks",
				);
				MARKETING_VERSION = 1.0;
				PRODUCT_BUNDLE_IDENTIFIER = iddataweb.appClipDemo;
				PRODUCT_NAME = "$(TARGET_NAME)";
				SWIFT_EMIT_LOC_STRINGS = YES;
				SWIFT_VERSION = 5.0;
				TARGETED_DEVICE_FAMILY = "1,2";
			};
			name = Debug;
		};
		F704E0652CB036D300DC9101 /* Release */ = {
			isa = XCBuildConfiguration;
			buildSettings = {
				ASSETCATALOG_COMPILER_APPICON_NAME = AppIcon;
				ASSETCATALOG_COMPILER_GLOBAL_ACCENT_COLOR_NAME = AccentColor;
				CODE_SIGN_STYLE = Automatic;
				CURRENT_PROJECT_VERSION = 1;
				DEVELOPMENT_ASSET_PATHS = "\"appClipDemo/Preview Content\"";
				ENABLE_PREVIEWS = YES;
				GENERATE_INFOPLIST_FILE = YES;
				INFOPLIST_KEY_UIApplicationSceneManifest_Generation = YES;
				INFOPLIST_KEY_UIApplicationSupportsIndirectInputEvents = YES;
				INFOPLIST_KEY_UILaunchScreen_Generation = YES;
				INFOPLIST_KEY_UISupportedInterfaceOrientations_iPad = "UIInterfaceOrientationPortrait UIInterfaceOrientationPortraitUpsideDown UIInterfaceOrientationLandscapeLeft UIInterfaceOrientationLandscapeRight";
				INFOPLIST_KEY_UISupportedInterfaceOrientations_iPhone = "UIInterfaceOrientationPortrait UIInterfaceOrientationLandscapeLeft UIInterfaceOrientationLandscapeRight";
				LD_RUNPATH_SEARCH_PATHS = (
					"$(inherited)",
					"@executable_path/Frameworks",
				);
				MARKETING_VERSION = 1.0;
				PRODUCT_BUNDLE_IDENTIFIER = iddataweb.appClipDemo;
				PRODUCT_NAME = "$(TARGET_NAME)";
				SWIFT_EMIT_LOC_STRINGS = YES;
				SWIFT_VERSION = 5.0;
				TARGETED_DEVICE_FAMILY = "1,2";
			};
			name = Release;
		};
		F704E0672CB036D300DC9101 /* Debug */ = {
			isa = XCBuildConfiguration;
			buildSettings = {
				BUNDLE_LOADER = "$(TEST_HOST)";
				CODE_SIGN_STYLE = Automatic;
				CURRENT_PROJECT_VERSION = 1;
				GENERATE_INFOPLIST_FILE = YES;
				IPHONEOS_DEPLOYMENT_TARGET = 18.0;
				MARKETING_VERSION = 1.0;
				PRODUCT_BUNDLE_IDENTIFIER = iddataweb.appClipDemoTests;
				PRODUCT_NAME = "$(TARGET_NAME)";
				SWIFT_EMIT_LOC_STRINGS = NO;
				SWIFT_VERSION = 5.0;
				TARGETED_DEVICE_FAMILY = "1,2";
				TEST_HOST = "$(BUILT_PRODUCTS_DIR)/appClipDemo.app/$(BUNDLE_EXECUTABLE_FOLDER_PATH)/appClipDemo";
			};
			name = Debug;
		};
		F704E0682CB036D300DC9101 /* Release */ = {
			isa = XCBuildConfiguration;
			buildSettings = {
				BUNDLE_LOADER = "$(TEST_HOST)";
				CODE_SIGN_STYLE = Automatic;
				CURRENT_PROJECT_VERSION = 1;
				GENERATE_INFOPLIST_FILE = YES;
				IPHONEOS_DEPLOYMENT_TARGET = 18.0;
				MARKETING_VERSION = 1.0;
				PRODUCT_BUNDLE_IDENTIFIER = iddataweb.appClipDemoTests;
				PRODUCT_NAME = "$(TARGET_NAME)";
				SWIFT_EMIT_LOC_STRINGS = NO;
				SWIFT_VERSION = 5.0;
				TARGETED_DEVICE_FAMILY = "1,2";
				TEST_HOST = "$(BUILT_PRODUCTS_DIR)/appClipDemo.app/$(BUNDLE_EXECUTABLE_FOLDER_PATH)/appClipDemo";
			};
			name = Release;
		};
		F704E06A2CB036D300DC9101 /* Debug */ = {
			isa = XCBuildConfiguration;
			buildSettings = {
				CODE_SIGN_STYLE = Automatic;
				CURRENT_PROJECT_VERSION = 1;
				GENERATE_INFOPLIST_FILE = YES;
				MARKETING_VERSION = 1.0;
				PRODUCT_BUNDLE_IDENTIFIER = iddataweb.appClipDemoUITests;
				PRODUCT_NAME = "$(TARGET_NAME)";
				SWIFT_EMIT_LOC_STRINGS = NO;
				SWIFT_VERSION = 5.0;
				TARGETED_DEVICE_FAMILY = "1,2";
				TEST_TARGET_NAME = appClipDemo;
			};
			name = Debug;
		};
		F704E06B2CB036D300DC9101 /* Release */ = {
			isa = XCBuildConfiguration;
			buildSettings = {
				CODE_SIGN_STYLE = Automatic;
				CURRENT_PROJECT_VERSION = 1;
				GENERATE_INFOPLIST_FILE = YES;
				MARKETING_VERSION = 1.0;
				PRODUCT_BUNDLE_IDENTIFIER = iddataweb.appClipDemoUITests;
				PRODUCT_NAME = "$(TARGET_NAME)";
				SWIFT_EMIT_LOC_STRINGS = NO;
				SWIFT_VERSION = 5.0;
				TARGETED_DEVICE_FAMILY = "1,2";
				TEST_TARGET_NAME = appClipDemo;
			};
			name = Release;
		};
		F704E0982CB039D000DC9101 /* Debug */ = {
			isa = XCBuildConfiguration;
			buildSettings = {
				ASSETCATALOG_COMPILER_APPICON_NAME = AppIcon;
				ASSETCATALOG_COMPILER_GLOBAL_ACCENT_COLOR_NAME = AccentColor;
				CODE_SIGN_ENTITLEMENTS = iddatawebClip/iddatawebClip.entitlements;
				CODE_SIGN_STYLE = Automatic;
				CURRENT_PROJECT_VERSION = 1;
				DEVELOPMENT_ASSET_PATHS = "\"iddatawebClip/Preview Content\"";
				ENABLE_PREVIEWS = YES;
				GENERATE_INFOPLIST_FILE = YES;
				INFOPLIST_FILE = iddatawebClip/Info.plist;
				INFOPLIST_KEY_CFBundleDisplayName = appClipDemo;
				INFOPLIST_KEY_UIApplicationSceneManifest_Generation = YES;
				INFOPLIST_KEY_UIApplicationSupportsIndirectInputEvents = YES;
				INFOPLIST_KEY_UILaunchScreen_Generation = YES;
				INFOPLIST_KEY_UISupportedInterfaceOrientations_iPad = "UIInterfaceOrientationPortrait UIInterfaceOrientationPortraitUpsideDown UIInterfaceOrientationLandscapeLeft UIInterfaceOrientationLandscapeRight";
				INFOPLIST_KEY_UISupportedInterfaceOrientations_iPhone = "UIInterfaceOrientationPortrait UIInterfaceOrientationLandscapeLeft UIInterfaceOrientationLandscapeRight";
				LD_RUNPATH_SEARCH_PATHS = (
					"$(inherited)",
					"@executable_path/Frameworks",
				);
				MARKETING_VERSION = 1.0;
				PRODUCT_BUNDLE_IDENTIFIER = iddataweb.appClipDemo.Clip;
				PRODUCT_NAME = "$(TARGET_NAME)";
				SWIFT_EMIT_LOC_STRINGS = YES;
				SWIFT_VERSION = 5.0;
				TARGETED_DEVICE_FAMILY = "1,2";
			};
			name = Debug;
		};
		F704E0992CB039D000DC9101 /* Release */ = {
			isa = XCBuildConfiguration;
			buildSettings = {
				ASSETCATALOG_COMPILER_APPICON_NAME = AppIcon;
				ASSETCATALOG_COMPILER_GLOBAL_ACCENT_COLOR_NAME = AccentColor;
				CODE_SIGN_ENTITLEMENTS = iddatawebClip/iddatawebClip.entitlements;
				CODE_SIGN_STYLE = Automatic;
				CURRENT_PROJECT_VERSION = 1;
				DEVELOPMENT_ASSET_PATHS = "\"iddatawebClip/Preview Content\"";
				ENABLE_PREVIEWS = YES;
				GENERATE_INFOPLIST_FILE = YES;
				INFOPLIST_FILE = iddatawebClip/Info.plist;
				INFOPLIST_KEY_CFBundleDisplayName = appClipDemo;
				INFOPLIST_KEY_UIApplicationSceneManifest_Generation = YES;
				INFOPLIST_KEY_UIApplicationSupportsIndirectInputEvents = YES;
				INFOPLIST_KEY_UILaunchScreen_Generation = YES;
				INFOPLIST_KEY_UISupportedInterfaceOrientations_iPad = "UIInterfaceOrientationPortrait UIInterfaceOrientationPortraitUpsideDown UIInterfaceOrientationLandscapeLeft UIInterfaceOrientationLandscapeRight";
				INFOPLIST_KEY_UISupportedInterfaceOrientations_iPhone = "UIInterfaceOrientationPortrait UIInterfaceOrientationLandscapeLeft UIInterfaceOrientationLandscapeRight";
				LD_RUNPATH_SEARCH_PATHS = (
					"$(inherited)",
					"@executable_path/Frameworks",
				);
				MARKETING_VERSION = 1.0;
				PRODUCT_BUNDLE_IDENTIFIER = iddataweb.appClipDemo.Clip;
				PRODUCT_NAME = "$(TARGET_NAME)";
				SWIFT_EMIT_LOC_STRINGS = YES;
				SWIFT_VERSION = 5.0;
				TARGETED_DEVICE_FAMILY = "1,2";
			};
			name = Release;
		};
		F704E09C2CB039D000DC9101 /* Debug */ = {
			isa = XCBuildConfiguration;
			buildSettings = {
				BUNDLE_LOADER = "$(TEST_HOST)";
				CODE_SIGN_STYLE = Automatic;
				CURRENT_PROJECT_VERSION = 1;
				GENERATE_INFOPLIST_FILE = YES;
				IPHONEOS_DEPLOYMENT_TARGET = 18.0;
				MARKETING_VERSION = 1.0;
				PRODUCT_BUNDLE_IDENTIFIER = iddataweb.appClipDemo.iddatawebClipTests;
				PRODUCT_NAME = "$(TARGET_NAME)";
				SWIFT_EMIT_LOC_STRINGS = NO;
				SWIFT_VERSION = 5.0;
				TARGETED_DEVICE_FAMILY = "1,2";
				TEST_HOST = "$(BUILT_PRODUCTS_DIR)/iddatawebClip.app/$(BUNDLE_EXECUTABLE_FOLDER_PATH)/iddatawebClip";
			};
			name = Debug;
		};
		F704E09D2CB039D000DC9101 /* Release */ = {
			isa = XCBuildConfiguration;
			buildSettings = {
				BUNDLE_LOADER = "$(TEST_HOST)";
				CODE_SIGN_STYLE = Automatic;
				CURRENT_PROJECT_VERSION = 1;
				GENERATE_INFOPLIST_FILE = YES;
				IPHONEOS_DEPLOYMENT_TARGET = 18.0;
				MARKETING_VERSION = 1.0;
				PRODUCT_BUNDLE_IDENTIFIER = iddataweb.appClipDemo.iddatawebClipTests;
				PRODUCT_NAME = "$(TARGET_NAME)";
				SWIFT_EMIT_LOC_STRINGS = NO;
				SWIFT_VERSION = 5.0;
				TARGETED_DEVICE_FAMILY = "1,2";
				TEST_HOST = "$(BUILT_PRODUCTS_DIR)/iddatawebClip.app/$(BUNDLE_EXECUTABLE_FOLDER_PATH)/iddatawebClip";
			};
			name = Release;
		};
		F704E09F2CB039D000DC9101 /* Debug */ = {
			isa = XCBuildConfiguration;
			buildSettings = {
				CODE_SIGN_STYLE = Automatic;
				CURRENT_PROJECT_VERSION = 1;
				GENERATE_INFOPLIST_FILE = YES;
				MARKETING_VERSION = 1.0;
				PRODUCT_BUNDLE_IDENTIFIER = iddataweb.appClipDemo.iddatawebClipUITests;
				PRODUCT_NAME = "$(TARGET_NAME)";
				SWIFT_EMIT_LOC_STRINGS = NO;
				SWIFT_VERSION = 5.0;
				TARGETED_DEVICE_FAMILY = "1,2";
				TEST_TARGET_NAME = iddatawebClip;
			};
			name = Debug;
		};
		F704E0A02CB039D000DC9101 /* Release */ = {
			isa = XCBuildConfiguration;
			buildSettings = {
				CODE_SIGN_STYLE = Automatic;
				CURRENT_PROJECT_VERSION = 1;
				GENERATE_INFOPLIST_FILE = YES;
				MARKETING_VERSION = 1.0;
				PRODUCT_BUNDLE_IDENTIFIER = iddataweb.appClipDemo.iddatawebClipUITests;
				PRODUCT_NAME = "$(TARGET_NAME)";
				SWIFT_EMIT_LOC_STRINGS = NO;
				SWIFT_VERSION = 5.0;
				TARGETED_DEVICE_FAMILY = "1,2";
				TEST_TARGET_NAME = iddatawebClip;
			};
			name = Release;
		};
/* End XCBuildConfiguration section */

/* Begin XCConfigurationList section */
		F704E03A2CB036D000DC9101 /* Build configuration list for PBXProject "appClipDemo" */ = {
			isa = XCConfigurationList;
			buildConfigurations = (
				F704E0612CB036D300DC9101 /* Debug */,
				F704E0622CB036D300DC9101 /* Release */,
			);
			defaultConfigurationIsVisible = 0;
			defaultConfigurationName = Release;
		};
		F704E0632CB036D300DC9101 /* Build configuration list for PBXNativeTarget "appClipDemo" */ = {
			isa = XCConfigurationList;
			buildConfigurations = (
				F704E0642CB036D300DC9101 /* Debug */,
				F704E0652CB036D300DC9101 /* Release */,
			);
			defaultConfigurationIsVisible = 0;
			defaultConfigurationName = Release;
		};
		F704E0662CB036D300DC9101 /* Build configuration list for PBXNativeTarget "appClipDemoTests" */ = {
			isa = XCConfigurationList;
			buildConfigurations = (
				F704E0672CB036D300DC9101 /* Debug */,
				F704E0682CB036D300DC9101 /* Release */,
			);
			defaultConfigurationIsVisible = 0;
			defaultConfigurationName = Release;
		};
		F704E0692CB036D300DC9101 /* Build configuration list for PBXNativeTarget "appClipDemoUITests" */ = {
			isa = XCConfigurationList;
			buildConfigurations = (
				F704E06A2CB036D300DC9101 /* Debug */,
				F704E06B2CB036D300DC9101 /* Release */,
			);
			defaultConfigurationIsVisible = 0;
			defaultConfigurationName = Release;
		};
		F704E0972CB039D000DC9101 /* Build configuration list for PBXNativeTarget "iddatawebClip" */ = {
			isa = XCConfigurationList;
			buildConfigurations = (
				F704E0982CB039D000DC9101 /* Debug */,
				F704E0992CB039D000DC9101 /* Release */,
			);
			defaultConfigurationIsVisible = 0;
			defaultConfigurationName = Release;
		};
		F704E09B2CB039D000DC9101 /* Build configuration list for PBXNativeTarget "iddatawebClipTests" */ = {
			isa = XCConfigurationList;
			buildConfigurations = (
				F704E09C2CB039D000DC9101 /* Debug */,
				F704E09D2CB039D000DC9101 /* Release */,
			);
			defaultConfigurationIsVisible = 0;
			defaultConfigurationName = Release;
		};
		F704E09E2CB039D000DC9101 /* Build configuration list for PBXNativeTarget "iddatawebClipUITests" */ = {
			isa = XCConfigurationList;
			buildConfigurations = (
				F704E09F2CB039D000DC9101 /* Debug */,
				F704E0A02CB039D000DC9101 /* Release */,
			);
			defaultConfigurationIsVisible = 0;
			defaultConfigurationName = Release;
		};
/* End XCConfigurationList section */
	};
	rootObject = F704E0372CB036D000DC9101 /* Project object */;
}
